# This file is generated by running "yarn install" inside your project.
# Manual changes might be lost - proceed with caution!

__metadata:
  version: 8
  cacheKey: 10c0

"@octokit/auth-app@npm:^3.4.0":
  version: 3.4.0
  resolution: "@octokit/auth-app@npm:3.4.0"
  dependencies:
    "@octokit/auth-oauth-app": "npm:^4.1.0"
    "@octokit/auth-oauth-user": "npm:^1.2.3"
    "@octokit/request": "npm:^5.4.11"
    "@octokit/request-error": "npm:^2.0.0"
    "@octokit/types": "npm:^6.0.3"
    "@types/lru-cache": "npm:^5.1.0"
    deprecation: "npm:^2.3.1"
    lru-cache: "npm:^6.0.0"
    universal-github-app-jwt: "npm:^1.0.1"
    universal-user-agent: "npm:^6.0.0"
  checksum: 10c0/84052e0e3d4c1ffb24f3afb531bdfb6f3b799565211f68b0266ddce2b7284ffd9a3ee21848e3bd3ee8f220c08c622707d856e7ceab5b980f6fb015476d0c4964
  languageName: node
  linkType: hard

"@octokit/auth-oauth-app@npm:^4.1.0":
  version: 4.1.2
  resolution: "@octokit/auth-oauth-app@npm:4.1.2"
  dependencies:
    "@octokit/auth-oauth-device": "npm:^3.1.1"
    "@octokit/auth-oauth-user": "npm:^1.2.1"
    "@octokit/request": "npm:^5.3.0"
    "@octokit/types": "npm:^6.0.3"
    "@types/btoa-lite": "npm:^1.0.0"
    btoa-lite: "npm:^1.0.0"
    universal-user-agent: "npm:^6.0.0"
  checksum: 10c0/e465898cd3986bf9fa3e5554f0785d0cf7c35b6bb0b333be7e17a1588a6c0d67f2193efaf7fd74394978872a587d985994df6ec964944bb4b6778e69a30a1786
  languageName: node
  linkType: hard

"@octokit/auth-oauth-device@npm:^3.1.1":
  version: 3.1.1
  resolution: "@octokit/auth-oauth-device@npm:3.1.1"
  dependencies:
    "@octokit/oauth-methods": "npm:^1.1.0"
    "@octokit/request": "npm:^5.4.14"
    "@octokit/types": "npm:^6.10.0"
    universal-user-agent: "npm:^6.0.0"
  checksum: 10c0/f1fc38578d391ed85b6c923d42ac7c12499b05422f4976f55c64ee356bdcd224a4e4f42e89a976bb92200bfb3ad9f69d63edf20e31532a5661394c0a3ab4b69e
  languageName: node
  linkType: hard

"@octokit/auth-oauth-user@npm:^1.2.1, @octokit/auth-oauth-user@npm:^1.2.3":
  version: 1.2.4
  resolution: "@octokit/auth-oauth-user@npm:1.2.4"
  dependencies:
    "@octokit/auth-oauth-device": "npm:^3.1.1"
    "@octokit/oauth-methods": "npm:^1.1.0"
    "@octokit/request": "npm:^5.4.14"
    "@octokit/types": "npm:^6.12.2"
    btoa-lite: "npm:^1.0.0"
    universal-user-agent: "npm:^6.0.0"
  checksum: 10c0/f28d8c8896f54ea80ee79aa64694d5baed9b1bd00735a87abb5a13f5fb7d347b0bda7b62b7fd1e6ac9cda176b0b09613e37c5e79d2d7d7a810ca31c2dadc2173
  languageName: node
  linkType: hard

"@octokit/auth-token@npm:^2.4.4":
  version: 2.4.5
  resolution: "@octokit/auth-token@npm:2.4.5"
  dependencies:
    "@octokit/types": "npm:^6.0.3"
  checksum: 10c0/f3b97f97d2605ba075d19c565cf8b1439f55f6319dd3722e495dac59141a56ecd4db4dc5ce168389bb66913194cc7d4c93c237f6d63e5ab3ce394777d296a239
  languageName: node
  linkType: hard

"@octokit/core@npm:^3.2.3":
  version: 3.4.0
  resolution: "@octokit/core@npm:3.4.0"
  dependencies:
    "@octokit/auth-token": "npm:^2.4.4"
    "@octokit/graphql": "npm:^4.5.8"
    "@octokit/request": "npm:^5.4.12"
    "@octokit/request-error": "npm:^2.0.5"
    "@octokit/types": "npm:^6.0.3"
    before-after-hook: "npm:^2.2.0"
    universal-user-agent: "npm:^6.0.0"
  checksum: 10c0/cc8b040839cef62e64aed171e8cefa357a9aa257172af6264e3a6239f596283eba9326c7920689b40acf9198463f7d0ae2bf4a9944eded6be48547792598da44
  languageName: node
  linkType: hard

"@octokit/endpoint@npm:^6.0.1":
  version: 6.0.11
  resolution: "@octokit/endpoint@npm:6.0.11"
  dependencies:
    "@octokit/types": "npm:^6.0.3"
    is-plain-object: "npm:^5.0.0"
    universal-user-agent: "npm:^6.0.0"
  checksum: 10c0/0a3cc4f54d7f3be84ed88d1ebc3336ed7ee29a0b5a93cf04c8ee459619ccd8c38be1d8705461e4c2d5fac811fa930e0fb5a8d1157680920e8795d5f112daa01d
  languageName: node
  linkType: hard

"@octokit/graphql@npm:^4.5.8, @octokit/graphql@npm:^4.6.1":
  version: 4.6.1
  resolution: "@octokit/graphql@npm:4.6.1"
  dependencies:
    "@octokit/request": "npm:^5.3.0"
    "@octokit/types": "npm:^6.0.3"
    universal-user-agent: "npm:^6.0.0"
  checksum: 10c0/1244842fc8b8310567cb12a1e8905d76de352bd0e63b83f3285ad6169e02dbe831d27ec0a2d3adeab988105ee8fd3ca0bc65a83c2d0ad2db4c2eee2ef1964a8f
  languageName: node
  linkType: hard

"@octokit/oauth-authorization-url@npm:^4.3.1":
  version: 4.3.1
  resolution: "@octokit/oauth-authorization-url@npm:4.3.1"
  checksum: 10c0/6b3a2dc0603d6ad980fbec2508fd70ee6cba793d8ba1ed47608fde64f1f176de746d9684131b400b194dcc1b2ea7688e4f154f21ec17c80cfbd9bbc7bd60408a
  languageName: node
  linkType: hard

"@octokit/oauth-methods@npm:^1.1.0":
  version: 1.2.3
  resolution: "@octokit/oauth-methods@npm:1.2.3"
  dependencies:
    "@octokit/oauth-authorization-url": "npm:^4.3.1"
    "@octokit/request": "npm:^5.4.14"
    "@octokit/request-error": "npm:^2.0.5"
    "@octokit/types": "npm:^6.12.2"
    btoa-lite: "npm:^1.0.0"
  checksum: 10c0/73c7e69aaabb7ae05b967dca60db41c32cd6b5fac006a392e6c79477259f649b3a5d7eeaa3d7f0b5a553b0f5606bc4d73afbc78e1732f58c1da4625eb1f41fb5
  languageName: node
  linkType: hard

"@octokit/openapi-types@npm:^7.0.0":
  version: 7.0.0
  resolution: "@octokit/openapi-types@npm:7.0.0"
  checksum: 10c0/1281bea42a611f7c06254163cda30548ccc9e9bae0461abbe3c5a0f5095a9a141b449c7311dc969238f793de7e6a1247c9d75565380b48125ada142768a53dfd
  languageName: node
  linkType: hard

"@octokit/plugin-paginate-rest@npm:^2.6.2":
  version: 2.13.3
  resolution: "@octokit/plugin-paginate-rest@npm:2.13.3"
  dependencies:
    "@octokit/types": "npm:^6.11.0"
  peerDependencies:
    "@octokit/core": ">=2"
  checksum: 10c0/c0e35b00b03b8610b63801f7c90ba191d570898b6396c41bc6d6c0c975dfdb9a639cca885b2e5d9e8f34be80a5a6a3ff7cf546a76361ef3f6b3c033bcab5e2d5
  languageName: node
  linkType: hard

"@octokit/plugin-request-log@npm:^1.0.2":
  version: 1.0.3
  resolution: "@octokit/plugin-request-log@npm:1.0.3"
  peerDependencies:
    "@octokit/core": ">=3"
  checksum: 10c0/37d1de1abdbc0081daa6b173ceb91b7c0f51710294c3fe61baae8bb7810bf6c35d4cf0e587f7071c5a9ce91ac7392defcf7e584301959aead4dd3e3044cf6184
  languageName: node
  linkType: hard

"@octokit/plugin-rest-endpoint-methods@npm:5.0.1":
  version: 5.0.1
  resolution: "@octokit/plugin-rest-endpoint-methods@npm:5.0.1"
  dependencies:
    "@octokit/types": "npm:^6.13.1"
    deprecation: "npm:^2.3.1"
  peerDependencies:
    "@octokit/core": ">=3"
  checksum: 10c0/ea90331755c7384902808540a6ab0053b9831793bfaaf64a66da4004a8acb0942ab661e1a06dc62858d3c10e711d4fd0b3d4aa48b6afa853e0471d30006ff3b3
  languageName: node
  linkType: hard

"@octokit/request-error@npm:^2.0.0, @octokit/request-error@npm:^2.0.5":
  version: 2.0.5
  resolution: "@octokit/request-error@npm:2.0.5"
  dependencies:
    "@octokit/types": "npm:^6.0.3"
    deprecation: "npm:^2.0.0"
    once: "npm:^1.4.0"
  checksum: 10c0/a24ca6c93bb9559c187c5c3dc2f4fa6ddfd7d534d4224a68493c803bd7ab23b93621cbca0b2f15ab3decd8c0f37cf4b80893f05ee931cd962d48466e2f6ed051
  languageName: node
  linkType: hard

"@octokit/request@npm:^5.3.0, @octokit/request@npm:^5.4.11, @octokit/request@npm:^5.4.12, @octokit/request@npm:^5.4.14":
  version: 5.4.15
  resolution: "@octokit/request@npm:5.4.15"
  dependencies:
    "@octokit/endpoint": "npm:^6.0.1"
    "@octokit/request-error": "npm:^2.0.0"
    "@octokit/types": "npm:^6.7.1"
    is-plain-object: "npm:^5.0.0"
    node-fetch: "npm:^2.6.1"
    universal-user-agent: "npm:^6.0.0"
  checksum: 10c0/32ad787f883a536d943b0309bfd85216c63f425b1c86faba17b7f2cfb8868e9e6a1d81f2080d89a92bf575bd1e6ddfac6a19f6b6a4303a595da07ec0a35fe2c0
  languageName: node
  linkType: hard

"@octokit/rest@npm:^18.5.3":
  version: 18.5.3
  resolution: "@octokit/rest@npm:18.5.3"
  dependencies:
    "@octokit/core": "npm:^3.2.3"
    "@octokit/plugin-paginate-rest": "npm:^2.6.2"
    "@octokit/plugin-request-log": "npm:^1.0.2"
    "@octokit/plugin-rest-endpoint-methods": "npm:5.0.1"
  checksum: 10c0/e9c71c565a3e09bcda46b01debe7b95e2e30e2aa8c6bea60c6dc4de9b40979bfcdcefe5cb3dcd86b1eeea117d12a07ffb1a09d999e5a2ba3c20661bed239b94c
  languageName: node
  linkType: hard

"@octokit/types@npm:^6.0.3, @octokit/types@npm:^6.10.0, @octokit/types@npm:^6.11.0, @octokit/types@npm:^6.12.2, @octokit/types@npm:^6.13.1, @octokit/types@npm:^6.7.1":
  version: 6.14.2
  resolution: "@octokit/types@npm:6.14.2"
  dependencies:
    "@octokit/openapi-types": "npm:^7.0.0"
  checksum: 10c0/ad2f7fda797c9e1e0c761d3b2008dec5a911d7c3b1eb7bc6c0d00c1ac7c5f6b278fff3edbfc2ffeca0e741fbf4e1cf7709287461239f26e804fa6c333c889750
  languageName: node
  linkType: hard

"@octokit/webhooks-methods@npm:^1.0.0":
  version: 1.0.0
  resolution: "@octokit/webhooks-methods@npm:1.0.0"
  checksum: 10c0/d7c7ee5be0e2f09d8c8d2c2955ba28d1ad9e61b7e78efba8b97c227f074096992715209d48224f5c5293a548c6d713ea3a50c3beec80f983230c84c7ea36b0fc
  languageName: node
  linkType: hard

"@octokit/webhooks-types@npm:^3.71.2":
  version: 3.74.0
  resolution: "@octokit/webhooks-types@npm:3.74.0"
  checksum: 10c0/a00d2af49f9f1c73b5a5b2a9d87d04ec7ba91694ebafa4dea7c2d4175c9e8c9c841a700a5275631324a2a7ff76da769b3253f86a076fa742ace31f9a7bb5bc37
  languageName: node
  linkType: hard

"@types/body-parser@npm:*, @types/body-parser@npm:^1.19.5":
  version: 1.19.5
  resolution: "@types/body-parser@npm:1.19.5"
  dependencies:
    "@types/connect": "npm:*"
    "@types/node": "npm:*"
  checksum: 10c0/aebeb200f25e8818d8cf39cd0209026750d77c9b85381cdd8deeb50913e4d18a1ebe4b74ca9b0b4d21952511eeaba5e9fbbf739b52731a2061e206ec60d568df
  languageName: node
  linkType: hard

"@types/btoa-lite@npm:^1.0.0":
  version: 1.0.0
  resolution: "@types/btoa-lite@npm:1.0.0"
  checksum: 10c0/ab354cfa11b683fcc97c66cd2199b0a630b771dc13e3f98783c9f15beba3bdf031b9925c924252473888da3737a07dec93971226e0310354e58f9e64a03a102f
  languageName: node
  linkType: hard

"@types/connect@npm:*":
  version: 3.4.38
  resolution: "@types/connect@npm:3.4.38"
  dependencies:
    "@types/node": "npm:*"
  checksum: 10c0/2e1cdba2c410f25649e77856505cd60223250fa12dff7a503e492208dbfdd25f62859918f28aba95315251fd1f5e1ffbfca1e25e73037189ab85dd3f8d0a148c
  languageName: node
  linkType: hard

"@types/express-serve-static-core@npm:^4.17.33":
  version: 4.19.5
  resolution: "@types/express-serve-static-core@npm:4.19.5"
  dependencies:
    "@types/node": "npm:*"
    "@types/qs": "npm:*"
    "@types/range-parser": "npm:*"
    "@types/send": "npm:*"
  checksum: 10c0/ba8d8d976ab797b2602c60e728802ff0c98a00f13d420d82770f3661b67fa36ea9d3be0b94f2ddd632afe1fbc6e41620008b01db7e4fabdd71a2beb5539b0725
  languageName: node
  linkType: hard

"@types/express@npm:^4.17.21":
  version: 4.17.21
  resolution: "@types/express@npm:4.17.21"
  dependencies:
    "@types/body-parser": "npm:*"
    "@types/express-serve-static-core": "npm:^4.17.33"
    "@types/qs": "npm:*"
    "@types/serve-static": "npm:*"
  checksum: 10c0/12e562c4571da50c7d239e117e688dc434db1bac8be55613294762f84fd77fbd0658ccd553c7d3ab02408f385bc93980992369dd30e2ecd2c68c358e6af8fabf
  languageName: node
  linkType: hard

"@types/http-errors@npm:*":
  version: 2.0.4
  resolution: "@types/http-errors@npm:2.0.4"
  checksum: 10c0/494670a57ad4062fee6c575047ad5782506dd35a6b9ed3894cea65830a94367bd84ba302eb3dde331871f6d70ca287bfedb1b2cf658e6132cd2cbd427ab56836
  languageName: node
  linkType: hard

"@types/jsonwebtoken@npm:^9.0.0":
  version: 9.0.1
  resolution: "@types/jsonwebtoken@npm:9.0.1"
  dependencies:
    "@types/node": "npm:*"
  checksum: 10c0/e603f206c91dac01f23096c6d2aaba014ab60357fc270afef4c68449c335643d76dc1c21cc6464c89d0fb8f7e471d14a03a4ffb13b62d7133c97f61e75d2fcdd
  languageName: node
  linkType: hard

"@types/lru-cache@npm:^5.1.0":
  version: 5.1.0
  resolution: "@types/lru-cache@npm:5.1.0"
  checksum: 10c0/765b5cf6a3a003473b4e7d20f192b2c4fbf4a311defa5daab0395e68a7de8c1621a838dfdd9a0cb1b56c3f30dc84523e7101a96c09b44671cf685d35abd10554
  languageName: node
  linkType: hard

"@types/mime@npm:^1":
  version: 1.3.5
  resolution: "@types/mime@npm:1.3.5"
  checksum: 10c0/c2ee31cd9b993804df33a694d5aa3fa536511a49f2e06eeab0b484fef59b4483777dbb9e42a4198a0809ffbf698081fdbca1e5c2218b82b91603dfab10a10fbc
  languageName: node
  linkType: hard

"@types/node@npm:*":
  version: 15.0.3
  resolution: "@types/node@npm:15.0.3"
  checksum: 10c0/8d49a4832d8132e50fc2df8c593bbe5998c7a72af51ceeb618ef942b8f92cdb74ffc51a94992a3db2593ee156e0c623a99f987fce499600cd75e972b2e4e15c3
  languageName: node
  linkType: hard

"@types/qs@npm:*":
  version: 6.9.15
  resolution: "@types/qs@npm:6.9.15"
  checksum: 10c0/49c5ff75ca3adb18a1939310042d273c9fc55920861bd8e5100c8a923b3cda90d759e1a95e18334092da1c8f7b820084687770c83a1ccef04fb2c6908117c823
  languageName: node
  linkType: hard

"@types/range-parser@npm:*":
  version: 1.2.7
  resolution: "@types/range-parser@npm:1.2.7"
  checksum: 10c0/361bb3e964ec5133fa40644a0b942279ed5df1949f21321d77de79f48b728d39253e5ce0408c9c17e4e0fd95ca7899da36841686393b9f7a1e209916e9381a3c
  languageName: node
  linkType: hard

"@types/send@npm:*":
  version: 0.17.4
  resolution: "@types/send@npm:0.17.4"
  dependencies:
    "@types/mime": "npm:^1"
    "@types/node": "npm:*"
  checksum: 10c0/7f17fa696cb83be0a104b04b424fdedc7eaba1c9a34b06027239aba513b398a0e2b7279778af521f516a397ced417c96960e5f50fcfce40c4bc4509fb1a5883c
  languageName: node
  linkType: hard

"@types/serve-static@npm:*":
  version: 1.15.7
  resolution: "@types/serve-static@npm:1.15.7"
  dependencies:
    "@types/http-errors": "npm:*"
    "@types/node": "npm:*"
    "@types/send": "npm:*"
  checksum: 10c0/26ec864d3a626ea627f8b09c122b623499d2221bbf2f470127f4c9ebfe92bd8a6bb5157001372d4c4bd0dd37a1691620217d9dc4df5aa8f779f3fd996b1c60ae
  languageName: node
  linkType: hard

"accepts@npm:~1.3.8":
  version: 1.3.8
  resolution: "accepts@npm:1.3.8"
  dependencies:
    mime-types: "npm:~2.1.34"
    negotiator: "npm:0.6.3"
  checksum: 10c0/3a35c5f5586cfb9a21163ca47a5f77ac34fa8ceb5d17d2fa2c0d81f41cbd7f8c6fa52c77e2c039acc0f4d09e71abdc51144246900f6bef5e3c4b333f77d89362
  languageName: node
  linkType: hard

"array-flatten@npm:1.1.1":
  version: 1.1.1
  resolution: "array-flatten@npm:1.1.1"
  checksum: 10c0/806966c8abb2f858b08f5324d9d18d7737480610f3bd5d3498aaae6eb5efdc501a884ba019c9b4a8f02ff67002058749d05548fd42fa8643f02c9c7f22198b91
  languageName: node
  linkType: hard

"before-after-hook@npm:^2.2.0":
  version: 2.2.1
  resolution: "before-after-hook@npm:2.2.1"
  checksum: 10c0/9e78b20c4ae64a897b5949f60ea6fb6b80efa8f11d6007670024a8836125ce10a524e25b094a4d28aba2ac1d553f03de683e899f11688fb2692a9639e3af3857
  languageName: node
  linkType: hard

"body-parser@npm:1.20.3, body-parser@npm:^1.20.3":
  version: 1.20.3
  resolution: "body-parser@npm:1.20.3"
  dependencies:
    bytes: "npm:3.1.2"
    content-type: "npm:~1.0.5"
    debug: "npm:2.6.9"
    depd: "npm:2.0.0"
    destroy: "npm:1.2.0"
    http-errors: "npm:2.0.0"
    iconv-lite: "npm:0.4.24"
    on-finished: "npm:2.4.1"
    qs: "npm:6.13.0"
    raw-body: "npm:2.5.2"
    type-is: "npm:~1.6.18"
    unpipe: "npm:1.0.0"
  checksum: 10c0/0a9a93b7518f222885498dcecaad528cf010dd109b071bf471c93def4bfe30958b83e03496eb9c1ad4896db543d999bb62be1a3087294162a88cfa1b42c16310
  languageName: node
  linkType: hard

"btoa-lite@npm:^1.0.0":
  version: 1.0.0
  resolution: "btoa-lite@npm:1.0.0"
  checksum: 10c0/7a4f0568ae3c915464650f98fde7901ae07b13a333a614515a0c86876b3528670fafece28dfef9745d971a613bb83341823afb0c20c6f318b384c1e364b9eb95
  languageName: node
  linkType: hard

"buffer-equal-constant-time@npm:^1.0.1":
  version: 1.0.1
  resolution: "buffer-equal-constant-time@npm:1.0.1"
  checksum: 10c0/fb2294e64d23c573d0dd1f1e7a466c3e978fe94a4e0f8183937912ca374619773bef8e2aceb854129d2efecbbc515bbd0cc78d2734a3e3031edb0888531bbc8e
  languageName: node
  linkType: hard

"bytes@npm:3.1.2":
  version: 3.1.2
  resolution: "bytes@npm:3.1.2"
  checksum: 10c0/76d1c43cbd602794ad8ad2ae94095cddeb1de78c5dddaa7005c51af10b0176c69971a6d88e805a90c2b6550d76636e43c40d8427a808b8645ede885de4a0358e
  languageName: node
  linkType: hard

"call-bind@npm:^1.0.7":
  version: 1.0.7
  resolution: "call-bind@npm:1.0.7"
  dependencies:
    es-define-property: "npm:^1.0.0"
    es-errors: "npm:^1.3.0"
    function-bind: "npm:^1.1.2"
    get-intrinsic: "npm:^1.2.4"
    set-function-length: "npm:^1.2.1"
  checksum: 10c0/a3ded2e423b8e2a265983dba81c27e125b48eefb2655e7dfab6be597088da3d47c47976c24bc51b8fd9af1061f8f87b4ab78a314f3c77784b2ae2ba535ad8b8d
  languageName: node
  linkType: hard

"commander@npm:^12.0.0":
  version: 12.0.0
  resolution: "commander@npm:12.0.0"
  checksum: 10c0/e51cac1d1d0aa1f76581981d2256a9249497e08f5a370bf63b0dfc7e76a647fc8cbc3ddd507928f2bdca6c514c83834e87e2687ace2fe2fc7cc7e631bf80f83d
  languageName: node
  linkType: hard

"content-disposition@npm:0.5.4":
  version: 0.5.4
  resolution: "content-disposition@npm:0.5.4"
  dependencies:
    safe-buffer: "npm:5.2.1"
  checksum: 10c0/bac0316ebfeacb8f381b38285dc691c9939bf0a78b0b7c2d5758acadad242d04783cee5337ba7d12a565a19075af1b3c11c728e1e4946de73c6ff7ce45f3f1bb
  languageName: node
  linkType: hard

"content-type@npm:~1.0.4, content-type@npm:~1.0.5":
  version: 1.0.5
  resolution: "content-type@npm:1.0.5"
  checksum: 10c0/b76ebed15c000aee4678c3707e0860cb6abd4e680a598c0a26e17f0bfae723ec9cc2802f0ff1bc6e4d80603719010431d2231018373d4dde10f9ccff9dadf5af
  languageName: node
  linkType: hard

"cookie-signature@npm:1.0.6":
  version: 1.0.6
  resolution: "cookie-signature@npm:1.0.6"
  checksum: 10c0/b36fd0d4e3fef8456915fcf7742e58fbfcc12a17a018e0eb9501c9d5ef6893b596466f03b0564b81af29ff2538fd0aa4b9d54fe5ccbfb4c90ea50ad29fe2d221
  languageName: node
  linkType: hard

"cookie@npm:0.7.1":
  version: 0.7.1
  resolution: "cookie@npm:0.7.1"
  checksum: 10c0/5de60c67a410e7c8dc8a46a4b72eb0fe925871d057c9a5d2c0e8145c4270a4f81076de83410c4d397179744b478e33cd80ccbcc457abf40a9409ad27dcd21dde
  languageName: node
  linkType: hard

"debug@npm:2.6.9":
  version: 2.6.9
  resolution: "debug@npm:2.6.9"
  dependencies:
    ms: "npm:2.0.0"
  checksum: 10c0/121908fb839f7801180b69a7e218a40b5a0b718813b886b7d6bdb82001b931c938e2941d1e4450f33a1b1df1da653f5f7a0440c197f29fbf8a6e9d45ff6ef589
  languageName: node
  linkType: hard

"define-data-property@npm:^1.1.4":
  version: 1.1.4
  resolution: "define-data-property@npm:1.1.4"
  dependencies:
    es-define-property: "npm:^1.0.0"
    es-errors: "npm:^1.3.0"
    gopd: "npm:^1.0.1"
  checksum: 10c0/dea0606d1483eb9db8d930d4eac62ca0fa16738b0b3e07046cddfacf7d8c868bbe13fa0cb263eb91c7d0d527960dc3f2f2471a69ed7816210307f6744fe62e37
  languageName: node
  linkType: hard

"depd@npm:2.0.0":
  version: 2.0.0
  resolution: "depd@npm:2.0.0"
  checksum: 10c0/58bd06ec20e19529b06f7ad07ddab60e504d9e0faca4bd23079fac2d279c3594334d736508dc350e06e510aba5e22e4594483b3a6562ce7c17dd797f4cc4ad2c
  languageName: node
  linkType: hard

"deprecation@npm:^2.0.0, deprecation@npm:^2.3.1":
  version: 2.3.1
  resolution: "deprecation@npm:2.3.1"
  checksum: 10c0/23d688ba66b74d09b908c40a76179418acbeeb0bfdf218c8075c58ad8d0c315130cb91aa3dffb623aa3a411a3569ce56c6460de6c8d69071c17fe6dd2442f032
  languageName: node
  linkType: hard

"destroy@npm:1.2.0":
  version: 1.2.0
  resolution: "destroy@npm:1.2.0"
  checksum: 10c0/bd7633942f57418f5a3b80d5cb53898127bcf53e24cdf5d5f4396be471417671f0fee48a4ebe9a1e9defbde2a31280011af58a57e090ff822f589b443ed4e643
  languageName: node
  linkType: hard

"dotenv-safe@npm:^8.2.0":
  version: 8.2.0
  resolution: "dotenv-safe@npm:8.2.0"
  dependencies:
    dotenv: "npm:^8.2.0"
  checksum: 10c0/7757b97004efa2cc4f3e4367df6a37863375bdc92c13fa42621a6aa24a221aa6553030549b401982bf875fb7f362729ddee849592fbe9f424268678563212432
  languageName: node
  linkType: hard

"dotenv@npm:^8.2.0":
  version: 8.6.0
  resolution: "dotenv@npm:8.6.0"
  checksum: 10c0/6750431dea8efbd54b9f2d9681b04e1ccc7989486461dcf058bb708d9e3d63b04115fcdf8840e38ad1e24a4a2e1e7c1560626c5e3ac7bc09371b127c49e2d45f
  languageName: node
  linkType: hard

"ecdsa-sig-formatter@npm:1.0.11":
  version: 1.0.11
  resolution: "ecdsa-sig-formatter@npm:1.0.11"
  dependencies:
    safe-buffer: "npm:^5.0.1"
  checksum: 10c0/ebfbf19d4b8be938f4dd4a83b8788385da353d63307ede301a9252f9f7f88672e76f2191618fd8edfc2f24679236064176fab0b78131b161ee73daa37125408c
  languageName: node
  linkType: hard

"ee-first@npm:1.1.1":
  version: 1.1.1
  resolution: "ee-first@npm:1.1.1"
  checksum: 10c0/b5bb125ee93161bc16bfe6e56c6b04de5ad2aa44234d8f644813cc95d861a6910903132b05093706de2b706599367c4130eb6d170f6b46895686b95f87d017b7
  languageName: node
  linkType: hard

"electron-website-updater@workspace:.":
  version: 0.0.0-use.local
  resolution: "electron-website-updater@workspace:."
  dependencies:
    "@octokit/auth-app": "npm:^3.4.0"
    "@octokit/graphql": "npm:^4.6.1"
    "@octokit/rest": "npm:^18.5.3"
    "@octokit/webhooks-methods": "npm:^1.0.0"
    "@octokit/webhooks-types": "npm:^3.71.2"
    "@types/body-parser": "npm:^1.19.5"
    "@types/express": "npm:^4.17.21"
    body-parser: "npm:^1.20.3"
    dotenv-safe: "npm:^8.2.0"
    express: "npm:^4.21.2"
    prettier: "npm:^3.3.3"
    semver: "npm:^7.6.3"
    smee-client: "npm:^2.0.4"
  languageName: unknown
  linkType: soft

"encodeurl@npm:~1.0.2":
  version: 1.0.2
  resolution: "encodeurl@npm:1.0.2"
  checksum: 10c0/f6c2387379a9e7c1156c1c3d4f9cb7bb11cf16dd4c1682e1f6746512564b053df5781029b6061296832b59fb22f459dbe250386d217c2f6e203601abb2ee0bec
  languageName: node
  linkType: hard

"encodeurl@npm:~2.0.0":
  version: 2.0.0
  resolution: "encodeurl@npm:2.0.0"
  checksum: 10c0/5d317306acb13e6590e28e27924c754163946a2480de11865c991a3a7eed4315cd3fba378b543ca145829569eefe9b899f3d84bb09870f675ae60bc924b01ceb
  languageName: node
  linkType: hard

"es-define-property@npm:^1.0.0":
  version: 1.0.0
  resolution: "es-define-property@npm:1.0.0"
  dependencies:
    get-intrinsic: "npm:^1.2.4"
  checksum: 10c0/6bf3191feb7ea2ebda48b577f69bdfac7a2b3c9bcf97307f55fd6ef1bbca0b49f0c219a935aca506c993d8c5d8bddd937766cb760cd5e5a1071351f2df9f9aa4
  languageName: node
  linkType: hard

"es-errors@npm:^1.3.0":
  version: 1.3.0
  resolution: "es-errors@npm:1.3.0"
  checksum: 10c0/0a61325670072f98d8ae3b914edab3559b6caa980f08054a3b872052640d91da01d38df55df797fcc916389d77fc92b8d5906cf028f4db46d7e3003abecbca85
  languageName: node
  linkType: hard

"escape-html@npm:~1.0.3":
  version: 1.0.3
  resolution: "escape-html@npm:1.0.3"
  checksum: 10c0/524c739d776b36c3d29fa08a22e03e8824e3b2fd57500e5e44ecf3cc4707c34c60f9ca0781c0e33d191f2991161504c295e98f68c78fe7baa6e57081ec6ac0a3
  languageName: node
  linkType: hard

"etag@npm:~1.8.1":
  version: 1.8.1
  resolution: "etag@npm:1.8.1"
  checksum: 10c0/12be11ef62fb9817314d790089a0a49fae4e1b50594135dcb8076312b7d7e470884b5100d249b28c18581b7fd52f8b485689ffae22a11ed9ec17377a33a08f84
  languageName: node
  linkType: hard

"eventsource@npm:^2.0.2":
  version: 2.0.2
  resolution: "eventsource@npm:2.0.2"
  checksum: 10c0/0b8c70b35e45dd20f22ff64b001be9d530e33b92ca8bdbac9e004d0be00d957ab02ef33c917315f59bf2f20b178c56af85c52029bc8e6cc2d61c31d87d943573
  languageName: node
  linkType: hard

"express@npm:^4.21.2":
  version: 4.21.2
  resolution: "express@npm:4.21.2"
  dependencies:
    accepts: "npm:~1.3.8"
    array-flatten: "npm:1.1.1"
    body-parser: "npm:1.20.3"
    content-disposition: "npm:0.5.4"
    content-type: "npm:~1.0.4"
    cookie: "npm:0.7.1"
    cookie-signature: "npm:1.0.6"
    debug: "npm:2.6.9"
    depd: "npm:2.0.0"
    encodeurl: "npm:~2.0.0"
    escape-html: "npm:~1.0.3"
    etag: "npm:~1.8.1"
    finalhandler: "npm:1.3.1"
    fresh: "npm:0.5.2"
    http-errors: "npm:2.0.0"
    merge-descriptors: "npm:1.0.3"
    methods: "npm:~1.1.2"
    on-finished: "npm:2.4.1"
    parseurl: "npm:~1.3.3"
    path-to-regexp: "npm:0.1.12"
    proxy-addr: "npm:~2.0.7"
    qs: "npm:6.13.0"
    range-parser: "npm:~1.2.1"
    safe-buffer: "npm:5.2.1"
    send: "npm:0.19.0"
    serve-static: "npm:1.16.2"
    setprototypeof: "npm:1.2.0"
    statuses: "npm:2.0.1"
    type-is: "npm:~1.6.18"
    utils-merge: "npm:1.0.1"
    vary: "npm:~1.1.2"
  checksum: 10c0/38168fd0a32756600b56e6214afecf4fc79ec28eca7f7a91c2ab8d50df4f47562ca3f9dee412da7f5cea6b1a1544b33b40f9f8586dbacfbdada0fe90dbb10a1f
  languageName: node
  linkType: hard

"finalhandler@npm:1.3.1":
  version: 1.3.1
  resolution: "finalhandler@npm:1.3.1"
  dependencies:
    debug: "npm:2.6.9"
    encodeurl: "npm:~2.0.0"
    escape-html: "npm:~1.0.3"
    on-finished: "npm:2.4.1"
    parseurl: "npm:~1.3.3"
    statuses: "npm:2.0.1"
    unpipe: "npm:~1.0.0"
  checksum: 10c0/d38035831865a49b5610206a3a9a9aae4e8523cbbcd01175d0480ffbf1278c47f11d89be3ca7f617ae6d94f29cf797546a4619cd84dd109009ef33f12f69019f
  languageName: node
  linkType: hard

"forwarded@npm:0.2.0":
  version: 0.2.0
  resolution: "forwarded@npm:0.2.0"
  checksum: 10c0/9b67c3fac86acdbc9ae47ba1ddd5f2f81526fa4c8226863ede5600a3f7c7416ef451f6f1e240a3cc32d0fd79fcfe6beb08fd0da454f360032bde70bf80afbb33
  languageName: node
  linkType: hard

"fresh@npm:0.5.2":
  version: 0.5.2
  resolution: "fresh@npm:0.5.2"
  checksum: 10c0/c6d27f3ed86cc5b601404822f31c900dd165ba63fff8152a3ef714e2012e7535027063bc67ded4cb5b3a49fa596495d46cacd9f47d6328459cf570f08b7d9e5a
  languageName: node
  linkType: hard

"function-bind@npm:^1.1.2":
  version: 1.1.2
  resolution: "function-bind@npm:1.1.2"
  checksum: 10c0/d8680ee1e5fcd4c197e4ac33b2b4dce03c71f4d91717292785703db200f5c21f977c568d28061226f9b5900cbcd2c84463646134fd5337e7925e0942bc3f46d5
  languageName: node
  linkType: hard

"get-intrinsic@npm:^1.1.3, get-intrinsic@npm:^1.2.4":
  version: 1.2.4
  resolution: "get-intrinsic@npm:1.2.4"
  dependencies:
    es-errors: "npm:^1.3.0"
    function-bind: "npm:^1.1.2"
    has-proto: "npm:^1.0.1"
    has-symbols: "npm:^1.0.3"
    hasown: "npm:^2.0.0"
  checksum: 10c0/0a9b82c16696ed6da5e39b1267104475c47e3a9bdbe8b509dfe1710946e38a87be70d759f4bb3cda042d76a41ef47fe769660f3b7c0d1f68750299344ffb15b7
  languageName: node
  linkType: hard

"gopd@npm:^1.0.1":
  version: 1.0.1
  resolution: "gopd@npm:1.0.1"
  dependencies:
    get-intrinsic: "npm:^1.1.3"
  checksum: 10c0/505c05487f7944c552cee72087bf1567debb470d4355b1335f2c262d218ebbff805cd3715448fe29b4b380bae6912561d0467233e4165830efd28da241418c63
  languageName: node
  linkType: hard

"has-property-descriptors@npm:^1.0.2":
  version: 1.0.2
  resolution: "has-property-descriptors@npm:1.0.2"
  dependencies:
    es-define-property: "npm:^1.0.0"
  checksum: 10c0/253c1f59e80bb476cf0dde8ff5284505d90c3bdb762983c3514d36414290475fe3fd6f574929d84de2a8eec00d35cf07cb6776205ff32efd7c50719125f00236
  languageName: node
  linkType: hard

"has-proto@npm:^1.0.1":
  version: 1.0.3
  resolution: "has-proto@npm:1.0.3"
  checksum: 10c0/35a6989f81e9f8022c2f4027f8b48a552de714938765d019dbea6bb547bd49ce5010a3c7c32ec6ddac6e48fc546166a3583b128f5a7add8b058a6d8b4afec205
  languageName: node
  linkType: hard

"has-symbols@npm:^1.0.3":
  version: 1.0.3
  resolution: "has-symbols@npm:1.0.3"
  checksum: 10c0/e6922b4345a3f37069cdfe8600febbca791c94988c01af3394d86ca3360b4b93928bbf395859158f88099cb10b19d98e3bbab7c9ff2c1bd09cf665ee90afa2c3
  languageName: node
  linkType: hard

"hasown@npm:^2.0.0":
  version: 2.0.2
  resolution: "hasown@npm:2.0.2"
  dependencies:
    function-bind: "npm:^1.1.2"
  checksum: 10c0/3769d434703b8ac66b209a4cca0737519925bbdb61dd887f93a16372b14694c63ff4e797686d87c90f08168e81082248b9b028bad60d4da9e0d1148766f56eb9
  languageName: node
  linkType: hard

"http-errors@npm:2.0.0":
  version: 2.0.0
  resolution: "http-errors@npm:2.0.0"
  dependencies:
    depd: "npm:2.0.0"
    inherits: "npm:2.0.4"
    setprototypeof: "npm:1.2.0"
    statuses: "npm:2.0.1"
    toidentifier: "npm:1.0.1"
  checksum: 10c0/fc6f2715fe188d091274b5ffc8b3657bd85c63e969daa68ccb77afb05b071a4b62841acb7a21e417b5539014dff2ebf9550f0b14a9ff126f2734a7c1387f8e19
  languageName: node
  linkType: hard

"iconv-lite@npm:0.4.24":
  version: 0.4.24
  resolution: "iconv-lite@npm:0.4.24"
  dependencies:
    safer-buffer: "npm:>= 2.1.2 < 3"
  checksum: 10c0/c6886a24cc00f2a059767440ec1bc00d334a89f250db8e0f7feb4961c8727118457e27c495ba94d082e51d3baca378726cd110aaf7ded8b9bbfd6a44760cf1d4
  languageName: node
  linkType: hard

"inherits@npm:2.0.4":
  version: 2.0.4
  resolution: "inherits@npm:2.0.4"
  checksum: 10c0/4e531f648b29039fb7426fb94075e6545faa1eb9fe83c29f0b6d9e7263aceb4289d2d4557db0d428188eeb449cc7c5e77b0a0b2c4e248ff2a65933a0dee49ef2
  languageName: node
  linkType: hard

"ipaddr.js@npm:1.9.1":
  version: 1.9.1
  resolution: "ipaddr.js@npm:1.9.1"
  checksum: 10c0/0486e775047971d3fdb5fb4f063829bac45af299ae0b82dcf3afa2145338e08290563a2a70f34b732d795ecc8311902e541a8530eeb30d75860a78ff4e94ce2a
  languageName: node
  linkType: hard

"is-plain-object@npm:^5.0.0":
  version: 5.0.0
  resolution: "is-plain-object@npm:5.0.0"
  checksum: 10c0/893e42bad832aae3511c71fd61c0bf61aa3a6d853061c62a307261842727d0d25f761ce9379f7ba7226d6179db2a3157efa918e7fe26360f3bf0842d9f28942c
  languageName: node
  linkType: hard

"jsonwebtoken@npm:^9.0.0":
  version: 9.0.0
  resolution: "jsonwebtoken@npm:9.0.0"
  dependencies:
    jws: "npm:^3.2.2"
    lodash: "npm:^4.17.21"
    ms: "npm:^2.1.1"
    semver: "npm:^7.3.8"
  checksum: 10c0/60c30d90d8a69b8e7148306e0c299ac120dbde9c032add48d26df928fe349e952cf4b09f12d7942257681a936e3374e4d49280ab20f8a4578688c7f08d87f9bc
  languageName: node
  linkType: hard

"jwa@npm:^1.4.2":
  version: 1.4.2
  resolution: "jwa@npm:1.4.2"
  dependencies:
    buffer-equal-constant-time: "npm:^1.0.1"
    ecdsa-sig-formatter: "npm:1.0.11"
    safe-buffer: "npm:^5.0.1"
  checksum: 10c0/210a544a42ca22203e8fc538835205155ba3af6a027753109f9258bdead33086bac3c25295af48ac1981f87f9c5f941bc8f70303670f54ea7dcaafb53993d92c
  languageName: node
  linkType: hard

"jws@npm:^3.2.2":
  version: 3.2.3
  resolution: "jws@npm:3.2.3"
  dependencies:
    jwa: "npm:^1.4.2"
    safe-buffer: "npm:^5.0.1"
  checksum: 10c0/9fdf9d6783b1892ef413ef373cd351eacc847ba01deec6fbfea96830e93241863ccbee66f3b749fc2310c59b6db2209d3f4b52931c0c259b52b17de20715917f
  languageName: node
  linkType: hard

"lodash@npm:^4.17.21":
  version: 4.17.23
  resolution: "lodash@npm:4.17.23"
  checksum: 10c0/1264a90469f5bb95d4739c43eb6277d15b6d9e186df4ac68c3620443160fc669e2f14c11e7d8b2ccf078b81d06147c01a8ccced9aab9f9f63d50dcf8cace6bf6
  languageName: node
  linkType: hard

"lru-cache@npm:^6.0.0":
  version: 6.0.0
  resolution: "lru-cache@npm:6.0.0"
  dependencies:
    yallist: "npm:^4.0.0"
  checksum: 10c0/cb53e582785c48187d7a188d3379c181b5ca2a9c78d2bce3e7dee36f32761d1c42983da3fe12b55cb74e1779fa94cdc2e5367c028a9b35317184ede0c07a30a9
  languageName: node
  linkType: hard

"media-typer@npm:0.3.0":
  version: 0.3.0
  resolution: "media-typer@npm:0.3.0"
  checksum: 10c0/d160f31246907e79fed398470285f21bafb45a62869dc469b1c8877f3f064f5eabc4bcc122f9479b8b605bc5c76187d7871cf84c4ee3ecd3e487da1993279928
  languageName: node
  linkType: hard

"merge-descriptors@npm:1.0.3":
  version: 1.0.3
  resolution: "merge-descriptors@npm:1.0.3"
  checksum: 10c0/866b7094afd9293b5ea5dcd82d71f80e51514bed33b4c4e9f516795dc366612a4cbb4dc94356e943a8a6914889a914530badff27f397191b9b75cda20b6bae93
  languageName: node
  linkType: hard

"methods@npm:~1.1.2":
  version: 1.1.2
  resolution: "methods@npm:1.1.2"
  checksum: 10c0/bdf7cc72ff0a33e3eede03708c08983c4d7a173f91348b4b1e4f47d4cdbf734433ad971e7d1e8c77247d9e5cd8adb81ea4c67b0a2db526b758b2233d7814b8b2
  languageName: node
  linkType: hard

"mime-db@npm:1.47.0":
  version: 1.47.0
  resolution: "mime-db@npm:1.47.0"
  checksum: 10c0/059c380d6587a0c2d1c854a466871cfeb0bb5dcd941611e3dd311fe4596b155d6a1a55a63d24d41dbfe60e274cde80e0c88747c57a7e8daf47cafb960d8def25
  languageName: node
  linkType: hard

"mime-db@npm:1.52.0":
  version: 1.52.0
  resolution: "mime-db@npm:1.52.0"
  checksum: 10c0/0557a01deebf45ac5f5777fe7740b2a5c309c6d62d40ceab4e23da9f821899ce7a900b7ac8157d4548ddbb7beffe9abc621250e6d182b0397ec7f10c7b91a5aa
  languageName: node
  linkType: hard

"mime-types@npm:~2.1.24":
  version: 2.1.30
  resolution: "mime-types@npm:2.1.30"
  dependencies:
    mime-db: "npm:1.47.0"
  checksum: 10c0/92e5cf94346316b8dd15ee160c2451ce2c910bd93e737a51c6259a29c5346b117aaa6891ac4e4bacb34300cd5d76ea5b17e94e41e42efe1a76e07d197b5ada0c
  languageName: node
  linkType: hard

"mime-types@npm:~2.1.34":
  version: 2.1.35
  resolution: "mime-types@npm:2.1.35"
  dependencies:
    mime-db: "npm:1.52.0"
  checksum: 10c0/82fb07ec56d8ff1fc999a84f2f217aa46cb6ed1033fefaabd5785b9a974ed225c90dc72fff460259e66b95b73648596dbcc50d51ed69cdf464af2d237d3149b2
  languageName: node
  linkType: hard

"mime@npm:1.6.0":
  version: 1.6.0
  resolution: "mime@npm:1.6.0"
  bin:
    mime: cli.js
  checksum: 10c0/b92cd0adc44888c7135a185bfd0dddc42c32606401c72896a842ae15da71eb88858f17669af41e498b463cd7eb998f7b48939a25b08374c7924a9c8a6f8a81b0
  languageName: node
  linkType: hard

"ms@npm:2.0.0":
  version: 2.0.0
  resolution: "ms@npm:2.0.0"
  checksum: 10c0/f8fda810b39fd7255bbdc451c46286e549794fcc700dc9cd1d25658bbc4dc2563a5de6fe7c60f798a16a60c6ceb53f033cb353f493f0cf63e5199b702943159d
  languageName: node
  linkType: hard

"ms@npm:2.1.3, ms@npm:^2.1.1":
  version: 2.1.3
  resolution: "ms@npm:2.1.3"
  checksum: 10c0/d924b57e7312b3b63ad21fc5b3dc0af5e78d61a1fc7cfb5457edaf26326bf62be5307cc87ffb6862ef1c2b33b0233cdb5d4f01c4c958cc0d660948b65a287a48
  languageName: node
  linkType: hard

"negotiator@npm:0.6.3":
  version: 0.6.3
  resolution: "negotiator@npm:0.6.3"
  checksum: 10c0/3ec9fd413e7bf071c937ae60d572bc67155262068ed522cf4b3be5edbe6ddf67d095ec03a3a14ebf8fc8e95f8e1d61be4869db0dbb0de696f6b837358bd43fc2
  languageName: node
  linkType: hard

"node-fetch@npm:^2.6.1":
  version: 2.6.7
  resolution: "node-fetch@npm:2.6.7"
  dependencies:
    whatwg-url: "npm:^5.0.0"
  peerDependencies:
    encoding: ^0.1.0
  peerDependenciesMeta:
    encoding:
      optional: true
  checksum: 10c0/fcae80f5ac52fbf5012f5e19df2bd3915e67d3b3ad51cb5942943df2238d32ba15890fecabd0e166876a9f98a581ab50f3f10eb942b09405c49ef8da36b826c7
  languageName: node
  linkType: hard

"object-inspect@npm:^1.13.1":
  version: 1.13.2
  resolution: "object-inspect@npm:1.13.2"
  checksum: 10c0/b97835b4c91ec37b5fd71add84f21c3f1047d1d155d00c0fcd6699516c256d4fcc6ff17a1aced873197fe447f91a3964178fd2a67a1ee2120cdaf60e81a050b4
  languageName: node
  linkType: hard

"on-finished@npm:2.4.1":
  version: 2.4.1
  resolution: "on-finished@npm:2.4.1"
  dependencies:
    ee-first: "npm:1.1.1"
  checksum: 10c0/46fb11b9063782f2d9968863d9cbba33d77aa13c17f895f56129c274318b86500b22af3a160fe9995aa41317efcd22941b6eba747f718ced08d9a73afdb087b4
  languageName: node
  linkType: hard

"once@npm:^1.4.0":
  version: 1.4.0
  resolution: "once@npm:1.4.0"
  dependencies:
    wrappy: "npm:1"
  checksum: 10c0/5d48aca287dfefabd756621c5dfce5c91a549a93e9fdb7b8246bc4c4790aa2ec17b34a260530474635147aeb631a2dcc8b32c613df0675f96041cbb8244517d0
  languageName: node
  linkType: hard

"parseurl@npm:~1.3.3":
  version: 1.3.3
  resolution: "parseurl@npm:1.3.3"
  checksum: 10c0/90dd4760d6f6174adb9f20cf0965ae12e23879b5f5464f38e92fce8073354341e4b3b76fa3d878351efe7d01e617121955284cfd002ab087fba1a0726ec0b4f5
  languageName: node
  linkType: hard

"path-to-regexp@npm:0.1.12":
  version: 0.1.12
  resolution: "path-to-regexp@npm:0.1.12"
  checksum: 10c0/1c6ff10ca169b773f3bba943bbc6a07182e332464704572962d277b900aeee81ac6aa5d060ff9e01149636c30b1f63af6e69dd7786ba6e0ddb39d4dee1f0645b
  languageName: node
  linkType: hard

"prettier@npm:^3.3.3":
  version: 3.3.3
  resolution: "prettier@npm:3.3.3"
  bin:
    prettier: bin/prettier.cjs
  checksum: 10c0/b85828b08e7505716324e4245549b9205c0cacb25342a030ba8885aba2039a115dbcf75a0b7ca3b37bc9d101ee61fab8113fc69ca3359f2a226f1ecc07ad2e26
  languageName: node
  linkType: hard

"proxy-addr@npm:~2.0.7":
  version: 2.0.7
  resolution: "proxy-addr@npm:2.0.7"
  dependencies:
    forwarded: "npm:0.2.0"
    ipaddr.js: "npm:1.9.1"
  checksum: 10c0/c3eed999781a35f7fd935f398b6d8920b6fb00bbc14287bc6de78128ccc1a02c89b95b56742bf7cf0362cc333c61d138532049c7dedc7a328ef13343eff81210
  languageName: node
  linkType: hard

"qs@npm:6.13.0":
  version: 6.13.0
  resolution: "qs@npm:6.13.0"
  dependencies:
    side-channel: "npm:^1.0.6"
  checksum: 10c0/62372cdeec24dc83a9fb240b7533c0fdcf0c5f7e0b83343edd7310f0ab4c8205a5e7c56406531f2e47e1b4878a3821d652be4192c841de5b032ca83619d8f860
  languageName: node
  linkType: hard

"range-parser@npm:~1.2.1":
  version: 1.2.1
  resolution: "range-parser@npm:1.2.1"
  checksum: 10c0/96c032ac2475c8027b7a4e9fe22dc0dfe0f6d90b85e496e0f016fbdb99d6d066de0112e680805075bd989905e2123b3b3d002765149294dce0c1f7f01fcc2ea0
  languageName: node
  linkType: hard

"raw-body@npm:2.5.2":
  version: 2.5.2
  resolution: "raw-body@npm:2.5.2"
  dependencies:
    bytes: "npm:3.1.2"
    http-errors: "npm:2.0.0"
    iconv-lite: "npm:0.4.24"
    unpipe: "npm:1.0.0"
  checksum: 10c0/b201c4b66049369a60e766318caff5cb3cc5a900efd89bdac431463822d976ad0670912c931fdbdcf5543207daf6f6833bca57aa116e1661d2ea91e12ca692c4
  languageName: node
  linkType: hard

"safe-buffer@npm:5.2.1, safe-buffer@npm:^5.0.1":
  version: 5.2.1
  resolution: "safe-buffer@npm:5.2.1"
  checksum: 10c0/6501914237c0a86e9675d4e51d89ca3c21ffd6a31642efeba25ad65720bce6921c9e7e974e5be91a786b25aa058b5303285d3c15dbabf983a919f5f630d349f3
  languageName: node
  linkType: hard

"safer-buffer@npm:>= 2.1.2 < 3":
  version: 2.1.2
  resolution: "safer-buffer@npm:2.1.2"
  checksum: 10c0/7e3c8b2e88a1841c9671094bbaeebd94448111dd90a81a1f606f3f67708a6ec57763b3b47f06da09fc6054193e0e6709e77325415dc8422b04497a8070fa02d4
  languageName: node
  linkType: hard

"semver@npm:^7.3.8":
  version: 7.5.4
  resolution: "semver@npm:7.5.4"
  dependencies:
    lru-cache: "npm:^6.0.0"
  bin:
    semver: bin/semver.js
  checksum: 10c0/5160b06975a38b11c1ab55950cb5b8a23db78df88275d3d8a42ccf1f29e55112ac995b3a26a522c36e3b5f76b0445f1eef70d696b8c7862a2b4303d7b0e7609e
  languageName: node
  linkType: hard

"semver@npm:^7.6.3":
  version: 7.6.3
  resolution: "semver@npm:7.6.3"
  bin:
    semver: bin/semver.js
  checksum: 10c0/88f33e148b210c153873cb08cfe1e281d518aaa9a666d4d148add6560db5cd3c582f3a08ccb91f38d5f379ead256da9931234ed122057f40bb5766e65e58adaf
  languageName: node
  linkType: hard

"send@npm:0.19.0":
  version: 0.19.0
  resolution: "send@npm:0.19.0"
  dependencies:
    debug: "npm:2.6.9"
    depd: "npm:2.0.0"
    destroy: "npm:1.2.0"
    encodeurl: "npm:~1.0.2"
    escape-html: "npm:~1.0.3"
    etag: "npm:~1.8.1"
    fresh: "npm:0.5.2"
    http-errors: "npm:2.0.0"
    mime: "npm:1.6.0"
    ms: "npm:2.1.3"
    on-finished: "npm:2.4.1"
    range-parser: "npm:~1.2.1"
    statuses: "npm:2.0.1"
  checksum: 10c0/ea3f8a67a8f0be3d6bf9080f0baed6d2c51d11d4f7b4470de96a5029c598a7011c497511ccc28968b70ef05508675cebff27da9151dd2ceadd60be4e6cf845e3
  languageName: node
  linkType: hard

"serve-static@npm:1.16.2":
  version: 1.16.2
  resolution: "serve-static@npm:1.16.2"
  dependencies:
    encodeurl: "npm:~2.0.0"
    escape-html: "npm:~1.0.3"
    parseurl: "npm:~1.3.3"
    send: "npm:0.19.0"
  checksum: 10c0/528fff6f5e12d0c5a391229ad893910709bc51b5705962b09404a1d813857578149b8815f35d3ee5752f44cd378d0f31669d4b1d7e2d11f41e08283d5134bd1f
  languageName: node
  linkType: hard

"set-function-length@npm:^1.2.1":
  version: 1.2.2
  resolution: "set-function-length@npm:1.2.2"
  dependencies:
    define-data-property: "npm:^1.1.4"
    es-errors: "npm:^1.3.0"
    function-bind: "npm:^1.1.2"
    get-intrinsic: "npm:^1.2.4"
    gopd: "npm:^1.0.1"
    has-property-descriptors: "npm:^1.0.2"
  checksum: 10c0/82850e62f412a258b71e123d4ed3873fa9377c216809551192bb6769329340176f109c2eeae8c22a8d386c76739855f78e8716515c818bcaef384b51110f0f3c
  languageName: node
  linkType: hard

"setprototypeof@npm:1.2.0":
  version: 1.2.0
  resolution: "setprototypeof@npm:1.2.0"
  checksum: 10c0/68733173026766fa0d9ecaeb07f0483f4c2dc70ca376b3b7c40b7cda909f94b0918f6c5ad5ce27a9160bdfb475efaa9d5e705a11d8eaae18f9835d20976028bc
  languageName: node
  linkType: hard

"side-channel@npm:^1.0.6":
  version: 1.0.6
  resolution: "side-channel@npm:1.0.6"
  dependencies:
    call-bind: "npm:^1.0.7"
    es-errors: "npm:^1.3.0"
    get-intrinsic: "npm:^1.2.4"
    object-inspect: "npm:^1.13.1"
  checksum: 10c0/d2afd163dc733cc0a39aa6f7e39bf0c436293510dbccbff446733daeaf295857dbccf94297092ec8c53e2503acac30f0b78830876f0485991d62a90e9cad305f
  languageName: node
  linkType: hard

"smee-client@npm:^2.0.4":
  version: 2.0.4
  resolution: "smee-client@npm:2.0.4"
  dependencies:
    commander: "npm:^12.0.0"
    eventsource: "npm:^2.0.2"
    validator: "npm:^13.11.0"
  bin:
    smee: bin/smee.js
  checksum: 10c0/4e578ebf88731fb6eb5e933192c533b2520c3265426d97fe63dee0555d7502efdb1a1127f721b23165c3a08641a3b622b8bfec81509d0a89c54da0f669f26d03
  languageName: node
  linkType: hard

"statuses@npm:2.0.1":
  version: 2.0.1
  resolution: "statuses@npm:2.0.1"
  checksum: 10c0/34378b207a1620a24804ce8b5d230fea0c279f00b18a7209646d5d47e419d1cc23e7cbf33a25a1e51ac38973dc2ac2e1e9c647a8e481ef365f77668d72becfd0
  languageName: node
  linkType: hard

"toidentifier@npm:1.0.1":
  version: 1.0.1
  resolution: "toidentifier@npm:1.0.1"
  checksum: 10c0/93937279934bd66cc3270016dd8d0afec14fb7c94a05c72dc57321f8bd1fa97e5bea6d1f7c89e728d077ca31ea125b78320a616a6c6cd0e6b9cb94cb864381c1
  languageName: node
  linkType: hard

"tr46@npm:~0.0.3":
  version: 0.0.3
  resolution: "tr46@npm:0.0.3"
  checksum: 10c0/047cb209a6b60c742f05c9d3ace8fa510bff609995c129a37ace03476a9b12db4dbf975e74600830ef0796e18882b2381fb5fb1f6b4f96b832c374de3ab91a11
  languageName: node
  linkType: hard

"type-is@npm:~1.6.18":
  version: 1.6.18
  resolution: "type-is@npm:1.6.18"
  dependencies:
    media-typer: "npm:0.3.0"
    mime-types: "npm:~2.1.24"
  checksum: 10c0/a23daeb538591b7efbd61ecf06b6feb2501b683ffdc9a19c74ef5baba362b4347e42f1b4ed81f5882a8c96a3bfff7f93ce3ffaf0cbbc879b532b04c97a55db9d
  languageName: node
  linkType: hard

"universal-github-app-jwt@npm:^1.0.1":
  version: 1.1.1
  resolution: "universal-github-app-jwt@npm:1.1.1"
  dependencies:
    "@types/jsonwebtoken": "npm:^9.0.0"
    jsonwebtoken: "npm:^9.0.0"
  checksum: 10c0/f735a3fa0c9156898d128f45237eefa598edfab2424428ccc12e4b7dd9d217ff91b5a2b7a9a1ed6a16fd7985723f0ae34d5efbd3f81ab203c83184b7675c970a
  languageName: node
  linkType: hard

"universal-user-agent@npm:^6.0.0":
  version: 6.0.0
  resolution: "universal-user-agent@npm:6.0.0"
  checksum: 10c0/ebeb0206963666c13bcf9ebc86d0577c7daed5870c05cd34d4972ee7a43b9ef20679baf2a8c83bf1b71d899bae67243ac4982d84ddaf9ba0355ff76595819961
  languageName: node
  linkType: hard

"unpipe@npm:1.0.0, unpipe@npm:~1.0.0":
  version: 1.0.0
  resolution: "unpipe@npm:1.0.0"
  checksum: 10c0/193400255bd48968e5c5383730344fbb4fa114cdedfab26e329e50dd2d81b134244bb8a72c6ac1b10ab0281a58b363d06405632c9d49ca9dfd5e90cbd7d0f32c
  languageName: node
  linkType: hard

"utils-merge@npm:1.0.1":
  version: 1.0.1
  resolution: "utils-merge@npm:1.0.1"
  checksum: 10c0/02ba649de1b7ca8854bfe20a82f1dfbdda3fb57a22ab4a8972a63a34553cf7aa51bc9081cf7e001b035b88186d23689d69e71b510e610a09a4c66f68aa95b672
  languageName: node
  linkType: hard

"validator@npm:^13.11.0":
  version: 13.15.23
  resolution: "validator@npm:13.15.23"
  checksum: 10c0/22a05ec6a98d48d2b6fb34d43ce854af61d15842362d142e64cfca0325d4d0c2d1051d9f9d3a0f741e58ea888f73a35baf7a2a810f5aed0f89183bd5040f0177
  languageName: node
  linkType: hard

"vary@npm:~1.1.2":
  version: 1.1.2
  resolution: "vary@npm:1.1.2"
  checksum: 10c0/f15d588d79f3675135ba783c91a4083dcd290a2a5be9fcb6514220a1634e23df116847b1cc51f66bfb0644cf9353b2abb7815ae499bab06e46dd33c1a6bf1f4f
  languageName: node
  linkType: hard

"webidl-conversions@npm:^3.0.0":
  version: 3.0.1
  resolution: "webidl-conversions@npm:3.0.1"
  checksum: 10c0/5612d5f3e54760a797052eb4927f0ddc01383550f542ccd33d5238cfd65aeed392a45ad38364970d0a0f4fea32e1f4d231b3d8dac4a3bdd385e5cf802ae097db
  languageName: node
  linkType: hard

"whatwg-url@npm:^5.0.0":
  version: 5.0.0
  resolution: "whatwg-url@npm:5.0.0"
  dependencies:
    tr46: "npm:~0.0.3"
    webidl-conversions: "npm:^3.0.0"
  checksum: 10c0/1588bed84d10b72d5eec1d0faa0722ba1962f1821e7539c535558fb5398d223b0c50d8acab950b8c488b4ba69043fd833cc2697056b167d8ad46fac3995a55d5
  languageName: node
  linkType: hard

"wrappy@npm:1":
  version: 1.0.2
  resolution: "wrappy@npm:1.0.2"
  checksum: 10c0/56fece1a4018c6a6c8e28fbc88c87e0fbf4ea8fd64fc6c63b18f4acc4bd13e0ad2515189786dd2c30d3eec9663d70f4ecf699330002f8ccb547e4a18231fc9f0
  languageName: node
  linkType: hard

"yallist@npm:^4.0.0":
  version: 4.0.0
  resolution: "yallist@npm:4.0.0"
  checksum: 10c0/2286b5e8dbfe22204ab66e2ef5cc9bbb1e55dfc873bbe0d568aa943eb255d131890dfd5bf243637273d31119b870f49c18fcde2c6ffbb7a7a092b870dc90625a
  languageName: node
  linkType: hard
